// !$*UTF8*$!
{
	archiveVersion = 1;
	classes = {
	};
	objectVersion = 56;
	objects = {

/* Begin PBXBuildFile section */
		256B17FC29A330E900087828 /* AnimalGramApp.swift in Sources */ = {isa = PBXBuildFile; fileRef = 256B17FB29A330E900087828 /* AnimalGramApp.swift */; };
		256B17FE29A330E900087828 /* ContentView.swift in Sources */ = {isa = PBXBuildFile; fileRef = 256B17FD29A330E900087828 /* ContentView.swift */; };
		256B180029A330EA00087828 /* Assets.xcassets in Resources */ = {isa = PBXBuildFile; fileRef = 256B17FF29A330EA00087828 /* Assets.xcassets */; };
		256B180329A330EA00087828 /* Preview Assets.xcassets in Resources */ = {isa = PBXBuildFile; fileRef = 256B180229A330EA00087828 /* Preview Assets.xcassets */; };
		256B180A29A337D900087828 /* LaunchScreen.storyboard in Resources */ = {isa = PBXBuildFile; fileRef = 256B180929A337D900087828 /* LaunchScreen.storyboard */; };
		256B181029A3496700087828 /* colors.swift in Sources */ = {isa = PBXBuildFile; fileRef = 256B180F29A3496700087828 /* colors.swift */; };
		256B181229A34A8600087828 /* FeedView.swift in Sources */ = {isa = PBXBuildFile; fileRef = 256B181129A34A8600087828 /* FeedView.swift */; };
		256B181429A34B9100087828 /* PostView.swift in Sources */ = {isa = PBXBuildFile; fileRef = 256B181329A34B9100087828 /* PostView.swift */; };
		256B181729A355E900087828 /* PostModel.swift in Sources */ = {isa = PBXBuildFile; fileRef = 256B181629A355E900087828 /* PostModel.swift */; };
		256B181929A35A0C00087828 /* PostArrayObject.swift in Sources */ = {isa = PBXBuildFile; fileRef = 256B181829A35A0C00087828 /* PostArrayObject.swift */; };
		256B181B29A36A9600087828 /* CommentsView.swift in Sources */ = {isa = PBXBuildFile; fileRef = 256B181A29A36A9600087828 /* CommentsView.swift */; };
		256B181D29A36EBF00087828 /* MessageView.swift in Sources */ = {isa = PBXBuildFile; fileRef = 256B181C29A36EBF00087828 /* MessageView.swift */; };
		256B181F29A372A900087828 /* CommentModel.swift in Sources */ = {isa = PBXBuildFile; fileRef = 256B181E29A372A900087828 /* CommentModel.swift */; };
		256B182129A3796200087828 /* BrowseView.swift in Sources */ = {isa = PBXBuildFile; fileRef = 256B182029A3796200087828 /* BrowseView.swift */; };
		256B182329A379EE00087828 /* CarouselView.swift in Sources */ = {isa = PBXBuildFile; fileRef = 256B182229A379EE00087828 /* CarouselView.swift */; };
		256B182529A3BEF100087828 /* ImageGridView.swift in Sources */ = {isa = PBXBuildFile; fileRef = 256B182429A3BEF100087828 /* ImageGridView.swift */; };
		256B182729A3C6DB00087828 /* UploadView.swift in Sources */ = {isa = PBXBuildFile; fileRef = 256B182629A3C6DB00087828 /* UploadView.swift */; };
		256B182929A464E300087828 /* ImagePicker.swift in Sources */ = {isa = PBXBuildFile; fileRef = 256B182829A464E300087828 /* ImagePicker.swift */; };
		256B182B29A4860100087828 /* PostImageView.swift in Sources */ = {isa = PBXBuildFile; fileRef = 256B182A29A4860100087828 /* PostImageView.swift */; };
		256B182D29A49E4200087828 /* ProfileView.swift in Sources */ = {isa = PBXBuildFile; fileRef = 256B182C29A49E4200087828 /* ProfileView.swift */; };
		256B183129A4A49200087828 /* ProfileHeaderView.swift in Sources */ = {isa = PBXBuildFile; fileRef = 256B183029A4A49200087828 /* ProfileHeaderView.swift */; };
		256B183329A4C67E00087828 /* SettingsView.swift in Sources */ = {isa = PBXBuildFile; fileRef = 256B183229A4C67E00087828 /* SettingsView.swift */; };
		256B183529A4C9B100087828 /* SettingsLabelView.swift in Sources */ = {isa = PBXBuildFile; fileRef = 256B183429A4C9B100087828 /* SettingsLabelView.swift */; };
		256B183729A4CFE000087828 /* SettingsRowView.swift in Sources */ = {isa = PBXBuildFile; fileRef = 256B183629A4CFE000087828 /* SettingsRowView.swift */; };
		256B183929A500D800087828 /* SettingsEditTextView.swift in Sources */ = {isa = PBXBuildFile; fileRef = 256B183829A500D800087828 /* SettingsEditTextView.swift */; };
		256B183B29A5058F00087828 /* SettingsEditImageView.swift in Sources */ = {isa = PBXBuildFile; fileRef = 256B183A29A5058F00087828 /* SettingsEditImageView.swift */; };
		256B183D29A516CF00087828 /* SignUpView.swift in Sources */ = {isa = PBXBuildFile; fileRef = 256B183C29A516CF00087828 /* SignUpView.swift */; };
		256B183F29A5B4C000087828 /* OnboardingView.swift in Sources */ = {isa = PBXBuildFile; fileRef = 256B183E29A5B4C000087828 /* OnboardingView.swift */; };
		256B184129A5B75D00087828 /* SignInWithAppleButtonCustom.swift in Sources */ = {isa = PBXBuildFile; fileRef = 256B184029A5B75D00087828 /* SignInWithAppleButtonCustom.swift */; };
		256B184329A5BE9D00087828 /* OnboardingView_2.swift in Sources */ = {isa = PBXBuildFile; fileRef = 256B184229A5BE9D00087828 /* OnboardingView_2.swift */; };
		256B184629A5C34500087828 /* ViewExtension.swift in Sources */ = {isa = PBXBuildFile; fileRef = 256B184529A5C34500087828 /* ViewExtension.swift */; };
		256B184829A5CD9C00087828 /* LikeAnimationView.swift in Sources */ = {isa = PBXBuildFile; fileRef = 256B184729A5CD9C00087828 /* LikeAnimationView.swift */; };
/* End PBXBuildFile section */

/* Begin PBXFileReference section */
		256B17F829A330E900087828 /* AnimalGram.app */ = {isa = PBXFileReference; explicitFileType = wrapper.application; includeInIndex = 0; path = AnimalGram.app; sourceTree = BUILT_PRODUCTS_DIR; };
		256B17FB29A330E900087828 /* AnimalGramApp.swift */ = {isa = PBXFileReference; lastKnownFileType = sourcecode.swift; path = AnimalGramApp.swift; sourceTree = "<group>"; };
		256B17FD29A330E900087828 /* ContentView.swift */ = {isa = PBXFileReference; lastKnownFileType = sourcecode.swift; path = ContentView.swift; sourceTree = "<group>"; };
		256B17FF29A330EA00087828 /* Assets.xcassets */ = {isa = PBXFileReference; lastKnownFileType = folder.assetcatalog; path = Assets.xcassets; sourceTree = "<group>"; };
		256B180229A330EA00087828 /* Preview Assets.xcassets */ = {isa = PBXFileReference; lastKnownFileType = folder.assetcatalog; path = "Preview Assets.xcassets"; sourceTree = "<group>"; };
		256B180929A337D900087828 /* LaunchScreen.storyboard */ = {isa = PBXFileReference; lastKnownFileType = file.storyboard; path = LaunchScreen.storyboard; sourceTree = "<group>"; };
		256B180F29A3496700087828 /* colors.swift */ = {isa = PBXFileReference; lastKnownFileType = sourcecode.swift; path = colors.swift; sourceTree = "<group>"; };
		256B181129A34A8600087828 /* FeedView.swift */ = {isa = PBXFileReference; lastKnownFileType = sourcecode.swift; path = FeedView.swift; sourceTree = "<group>"; };
		256B181329A34B9100087828 /* PostView.swift */ = {isa = PBXFileReference; lastKnownFileType = sourcecode.swift; path = PostView.swift; sourceTree = "<group>"; };
		256B181629A355E900087828 /* PostModel.swift */ = {isa = PBXFileReference; lastKnownFileType = sourcecode.swift; path = PostModel.swift; sourceTree = "<group>"; };
		256B181829A35A0C00087828 /* PostArrayObject.swift */ = {isa = PBXFileReference; lastKnownFileType = sourcecode.swift; path = PostArrayObject.swift; sourceTree = "<group>"; };
		256B181A29A36A9600087828 /* CommentsView.swift */ = {isa = PBXFileReference; lastKnownFileType = sourcecode.swift; path = CommentsView.swift; sourceTree = "<group>"; };
		256B181C29A36EBF00087828 /* MessageView.swift */ = {isa = PBXFileReference; lastKnownFileType = sourcecode.swift; path = MessageView.swift; sourceTree = "<group>"; };
		256B181E29A372A900087828 /* CommentModel.swift */ = {isa = PBXFileReference; lastKnownFileType = sourcecode.swift; path = CommentModel.swift; sourceTree = "<group>"; };
		256B182029A3796200087828 /* BrowseView.swift */ = {isa = PBXFileReference; lastKnownFileType = sourcecode.swift; path = BrowseView.swift; sourceTree = "<group>"; };
		256B182229A379EE00087828 /* CarouselView.swift */ = {isa = PBXFileReference; lastKnownFileType = sourcecode.swift; path = CarouselView.swift; sourceTree = "<group>"; };
		256B182429A3BEF100087828 /* ImageGridView.swift */ = {isa = PBXFileReference; lastKnownFileType = sourcecode.swift; path = ImageGridView.swift; sourceTree = "<group>"; };
		256B182629A3C6DB00087828 /* UploadView.swift */ = {isa = PBXFileReference; lastKnownFileType = sourcecode.swift; path = UploadView.swift; sourceTree = "<group>"; };
		256B182829A464E300087828 /* ImagePicker.swift */ = {isa = PBXFileReference; lastKnownFileType = sourcecode.swift; path = ImagePicker.swift; sourceTree = "<group>"; };
		256B182A29A4860100087828 /* PostImageView.swift */ = {isa = PBXFileReference; lastKnownFileType = sourcecode.swift; path = PostImageView.swift; sourceTree = "<group>"; };
		256B182C29A49E4200087828 /* ProfileView.swift */ = {isa = PBXFileReference; lastKnownFileType = sourcecode.swift; path = ProfileView.swift; sourceTree = "<group>"; };
		256B183029A4A49200087828 /* ProfileHeaderView.swift */ = {isa = PBXFileReference; lastKnownFileType = sourcecode.swift; path = ProfileHeaderView.swift; sourceTree = "<group>"; };
		256B183229A4C67E00087828 /* SettingsView.swift */ = {isa = PBXFileReference; lastKnownFileType = sourcecode.swift; path = SettingsView.swift; sourceTree = "<group>"; };
		256B183429A4C9B100087828 /* SettingsLabelView.swift */ = {isa = PBXFileReference; lastKnownFileType = sourcecode.swift; path = SettingsLabelView.swift; sourceTree = "<group>"; };
		256B183629A4CFE000087828 /* SettingsRowView.swift */ = {isa = PBXFileReference; lastKnownFileType = sourcecode.swift; path = SettingsRowView.swift; sourceTree = "<group>"; };
		256B183829A500D800087828 /* SettingsEditTextView.swift */ = {isa = PBXFileReference; lastKnownFileType = sourcecode.swift; path = SettingsEditTextView.swift; sourceTree = "<group>"; };
		256B183A29A5058F00087828 /* SettingsEditImageView.swift */ = {isa = PBXFileReference; lastKnownFileType = sourcecode.swift; path = SettingsEditImageView.swift; sourceTree = "<group>"; };
		256B183C29A516CF00087828 /* SignUpView.swift */ = {isa = PBXFileReference; lastKnownFileType = sourcecode.swift; path = SignUpView.swift; sourceTree = "<group>"; };
		256B183E29A5B4C000087828 /* OnboardingView.swift */ = {isa = PBXFileReference; lastKnownFileType = sourcecode.swift; path = OnboardingView.swift; sourceTree = "<group>"; };
		256B184029A5B75D00087828 /* SignInWithAppleButtonCustom.swift */ = {isa = PBXFileReference; lastKnownFileType = sourcecode.swift; path = SignInWithAppleButtonCustom.swift; sourceTree = "<group>"; };
		256B184229A5BE9D00087828 /* OnboardingView_2.swift */ = {isa = PBXFileReference; lastKnownFileType = sourcecode.swift; path = OnboardingView_2.swift; sourceTree = "<group>"; };
		256B184529A5C34500087828 /* ViewExtension.swift */ = {isa = PBXFileReference; lastKnownFileType = sourcecode.swift; path = ViewExtension.swift; sourceTree = "<group>"; };
		256B184729A5CD9C00087828 /* LikeAnimationView.swift */ = {isa = PBXFileReference; lastKnownFileType = sourcecode.swift; path = LikeAnimationView.swift; sourceTree = "<group>"; };
/* End PBXFileReference section */

/* Begin PBXFrameworksBuildPhase section */
		256B17F529A330E900087828 /* Frameworks */ = {
			isa = PBXFrameworksBuildPhase;
			buildActionMask = 2147483647;
			files = (
			);
			runOnlyForDeploymentPostprocessing = 0;
		};
/* End PBXFrameworksBuildPhase section */

/* Begin PBXGroup section */
		256B17EF29A330E900087828 = {
			isa = PBXGroup;
			children = (
				256B17FA29A330E900087828 /* AnimalGram */,
				256B17F929A330E900087828 /* Products */,
			);
			sourceTree = "<group>";
		};
		256B17F929A330E900087828 /* Products */ = {
			isa = PBXGroup;
			children = (
				256B17F829A330E900087828 /* AnimalGram.app */,
			);
			name = Products;
			sourceTree = "<group>";
		};
		256B17FA29A330E900087828 /* AnimalGram */ = {
			isa = PBXGroup;
			children = (
				256B184429A5C32E00087828 /* Helper */,
				256B181529A355DD00087828 /* Model */,
				256B180E29A3494600087828 /* Constants */,
				256B180B29A346D200087828 /* Views */,
				256B17FF29A330EA00087828 /* Assets.xcassets */,
				256B180929A337D900087828 /* LaunchScreen.storyboard */,
				256B180129A330EA00087828 /* Preview Content */,
			);
			path = AnimalGram;
			sourceTree = "<group>";
		};
		256B180129A330EA00087828 /* Preview Content */ = {
			isa = PBXGroup;
			children = (
				256B180229A330EA00087828 /* Preview Assets.xcassets */,
			);
			path = "Preview Content";
			sourceTree = "<group>";
		};
		256B180B29A346D200087828 /* Views */ = {
			isa = PBXGroup;
			children = (
				256B180D29A346F300087828 /* Subviews */,
				256B180C29A346DE00087828 /* Screens */,
			);
			path = Views;
			sourceTree = "<group>";
		};
		256B180C29A346DE00087828 /* Screens */ = {
			isa = PBXGroup;
			children = (
				256B181129A34A8600087828 /* FeedView.swift */,
				256B17FD29A330E900087828 /* ContentView.swift */,
				256B17FB29A330E900087828 /* AnimalGramApp.swift */,
				256B181A29A36A9600087828 /* CommentsView.swift */,
				256B182029A3796200087828 /* BrowseView.swift */,
				256B182629A3C6DB00087828 /* UploadView.swift */,
				256B182A29A4860100087828 /* PostImageView.swift */,
				256B182C29A49E4200087828 /* ProfileView.swift */,
				256B183229A4C67E00087828 /* SettingsView.swift */,
				256B183829A500D800087828 /* SettingsEditTextView.swift */,
				256B183A29A5058F00087828 /* SettingsEditImageView.swift */,
				256B183C29A516CF00087828 /* SignUpView.swift */,
				256B183E29A5B4C000087828 /* OnboardingView.swift */,
				256B184229A5BE9D00087828 /* OnboardingView_2.swift */,
			);
			path = Screens;
			sourceTree = "<group>";
		};
		256B180D29A346F300087828 /* Subviews */ = {
			isa = PBXGroup;
			children = (
				256B181329A34B9100087828 /* PostView.swift */,
				256B181C29A36EBF00087828 /* MessageView.swift */,
				256B182229A379EE00087828 /* CarouselView.swift */,
				256B182429A3BEF100087828 /* ImageGridView.swift */,
				256B182829A464E300087828 /* ImagePicker.swift */,
				256B183029A4A49200087828 /* ProfileHeaderView.swift */,
				256B183429A4C9B100087828 /* SettingsLabelView.swift */,
				256B183629A4CFE000087828 /* SettingsRowView.swift */,
				256B184029A5B75D00087828 /* SignInWithAppleButtonCustom.swift */,
				256B184729A5CD9C00087828 /* LikeAnimationView.swift */,
			);
			path = Subviews;
			sourceTree = "<group>";
		};
		256B180E29A3494600087828 /* Constants */ = {
			isa = PBXGroup;
			children = (
				256B180F29A3496700087828 /* colors.swift */,
			);
			path = Constants;
			sourceTree = "<group>";
		};
		256B181529A355DD00087828 /* Model */ = {
			isa = PBXGroup;
			children = (
				256B181629A355E900087828 /* PostModel.swift */,
				256B181829A35A0C00087828 /* PostArrayObject.swift */,
				256B181E29A372A900087828 /* CommentModel.swift */,
			);
			path = Model;
			sourceTree = "<group>";
		};
		256B184429A5C32E00087828 /* Helper */ = {
			isa = PBXGroup;
			children = (
				256B184529A5C34500087828 /* ViewExtension.swift */,
			);
			path = Helper;
			sourceTree = "<group>";
		};
/* End PBXGroup section */

/* Begin PBXNativeTarget section */
		256B17F729A330E900087828 /* AnimalGram */ = {
			isa = PBXNativeTarget;
			buildConfigurationList = 256B180629A330EA00087828 /* Build configuration list for PBXNativeTarget "AnimalGram" */;
			buildPhases = (
				256B17F429A330E900087828 /* Sources */,
				256B17F529A330E900087828 /* Frameworks */,
				256B17F629A330E900087828 /* Resources */,
			);
			buildRules = (
			);
			dependencies = (
			);
			name = AnimalGram;
			productName = AnimalGram;
			productReference = 256B17F829A330E900087828 /* AnimalGram.app */;
			productType = "com.apple.product-type.application";
		};
/* End PBXNativeTarget section */

/* Begin PBXProject section */
		256B17F029A330E900087828 /* Project object */ = {
			isa = PBXProject;
			attributes = {
				BuildIndependentTargetsInParallel = 1;
				LastSwiftUpdateCheck = 1420;
				LastUpgradeCheck = 1420;
				TargetAttributes = {
					256B17F729A330E900087828 = {
						CreatedOnToolsVersion = 14.2;
					};
				};
			};
			buildConfigurationList = 256B17F329A330E900087828 /* Build configuration list for PBXProject "AnimalGram" */;
			compatibilityVersion = "Xcode 14.0";
			developmentRegion = en;
			hasScannedForEncodings = 0;
			knownRegions = (
				en,
				Base,
			);
			mainGroup = 256B17EF29A330E900087828;
			productRefGroup = 256B17F929A330E900087828 /* Products */;
			projectDirPath = "";
			projectRoot = "";
			targets = (
				256B17F729A330E900087828 /* AnimalGram */,
			);
		};
/* End PBXProject section */

/* Begin PBXResourcesBuildPhase section */
		256B17F629A330E900087828 /* Resources */ = {
			isa = PBXResourcesBuildPhase;
			buildActionMask = 2147483647;
			files = (
				256B180A29A337D900087828 /* LaunchScreen.storyboard in Resources */,
				256B180329A330EA00087828 /* Preview Assets.xcassets in Resources */,
				256B180029A330EA00087828 /* Assets.xcassets in Resources */,
			);
			runOnlyForDeploymentPostprocessing = 0;
		};
/* End PBXResourcesBuildPhase section */

/* Begin PBXSourcesBuildPhase section */
		256B17F429A330E900087828 /* Sources */ = {
			isa = PBXSourcesBuildPhase;
			buildActionMask = 2147483647;
			files = (
				256B181229A34A8600087828 /* FeedView.swift in Sources */,
				256B184129A5B75D00087828 /* SignInWithAppleButtonCustom.swift in Sources */,
				256B181729A355E900087828 /* PostModel.swift in Sources */,
				256B183529A4C9B100087828 /* SettingsLabelView.swift in Sources */,
				256B182B29A4860100087828 /* PostImageView.swift in Sources */,
				256B183D29A516CF00087828 /* SignUpView.swift in Sources */,
				256B17FE29A330E900087828 /* ContentView.swift in Sources */,
				256B181D29A36EBF00087828 /* MessageView.swift in Sources */,
				256B181029A3496700087828 /* colors.swift in Sources */,
				256B181929A35A0C00087828 /* PostArrayObject.swift in Sources */,
				256B184629A5C34500087828 /* ViewExtension.swift in Sources */,
				256B182529A3BEF100087828 /* ImageGridView.swift in Sources */,
				256B183129A4A49200087828 /* ProfileHeaderView.swift in Sources */,
				256B181429A34B9100087828 /* PostView.swift in Sources */,
				256B184329A5BE9D00087828 /* OnboardingView_2.swift in Sources */,
				256B182D29A49E4200087828 /* ProfileView.swift in Sources */,
				256B182129A3796200087828 /* BrowseView.swift in Sources */,
				256B183B29A5058F00087828 /* SettingsEditImageView.swift in Sources */,
				256B181F29A372A900087828 /* CommentModel.swift in Sources */,
				256B181B29A36A9600087828 /* CommentsView.swift in Sources */,
				256B182729A3C6DB00087828 /* UploadView.swift in Sources */,
				256B183F29A5B4C000087828 /* OnboardingView.swift in Sources */,
				256B182929A464E300087828 /* ImagePicker.swift in Sources */,
				256B182329A379EE00087828 /* CarouselView.swift in Sources */,
				256B17FC29A330E900087828 /* AnimalGramApp.swift in Sources */,
				256B183329A4C67E00087828 /* SettingsView.swift in Sources */,
				256B183929A500D800087828 /* SettingsEditTextView.swift in Sources */,
				256B183729A4CFE000087828 /* SettingsRowView.swift in Sources */,
				256B184829A5CD9C00087828 /* LikeAnimationView.swift in Sources */,
			);
			runOnlyForDeploymentPostprocessing = 0;
		};
/* End PBXSourcesBuildPhase section */

/* Begin XCBuildConfiguration section */
		256B180429A330EA00087828 /* Debug */ = {
			isa = XCBuildConfiguration;
			buildSettings = {
				ALWAYS_SEARCH_USER_PATHS = NO;
				CLANG_ANALYZER_NONNULL = YES;
				CLANG_ANALYZER_NUMBER_OBJECT_CONVERSION = YES_AGGRESSIVE;
				CLANG_CXX_LANGUAGE_STANDARD = "gnu++20";
				CLANG_ENABLE_MODULES = YES;
				CLANG_ENABLE_OBJC_ARC = YES;
				CLANG_ENABLE_OBJC_WEAK = YES;
				CLANG_WARN_BLOCK_CAPTURE_AUTORELEASING = YES;
				CLANG_WARN_BOOL_CONVERSION = YES;
				CLANG_WARN_COMMA = YES;
				CLANG_WARN_CONSTANT_CONVERSION = YES;
				CLANG_WARN_DEPRECATED_OBJC_IMPLEMENTATIONS = YES;
				CLANG_WARN_DIRECT_OBJC_ISA_USAGE = YES_ERROR;
				CLANG_WARN_DOCUMENTATION_COMMENTS = YES;
				CLANG_WARN_EMPTY_BODY = YES;
				CLANG_WARN_ENUM_CONVERSION = YES;
				CLANG_WARN_INFINITE_RECURSION = YES;
				CLANG_WARN_INT_CONVERSION = YES;
				CLANG_WARN_NON_LITERAL_NULL_CONVERSION = YES;
				CLANG_WARN_OBJC_IMPLICIT_RETAIN_SELF = YES;
				CLANG_WARN_OBJC_LITERAL_CONVERSION = YES;
				CLANG_WARN_OBJC_ROOT_CLASS = YES_ERROR;
				CLANG_WARN_QUOTED_INCLUDE_IN_FRAMEWORK_HEADER = YES;
				CLANG_WARN_RANGE_LOOP_ANALYSIS = YES;
				CLANG_WARN_STRICT_PROTOTYPES = YES;
				CLANG_WARN_SUSPICIOUS_MOVE = YES;
				CLANG_WARN_UNGUARDED_AVAILABILITY = YES_AGGRESSIVE;
				CLANG_WARN_UNREACHABLE_CODE = YES;
				CLANG_WARN__DUPLICATE_METHOD_MATCH = YES;
				COPY_PHASE_STRIP = NO;
				DEBUG_INFORMATION_FORMAT = dwarf;
				ENABLE_STRICT_OBJC_MSGSEND = YES;
				ENABLE_TESTABILITY = YES;
				GCC_C_LANGUAGE_STANDARD = gnu11;
				GCC_DYNAMIC_NO_PIC = NO;
				GCC_NO_COMMON_BLOCKS = YES;
				GCC_OPTIMIZATION_LEVEL = 0;
				GCC_PREPROCESSOR_DEFINITIONS = (
					"DEBUG=1",
					"$(inherited)",
				);
				GCC_WARN_64_TO_32_BIT_CONVERSION = YES;
				GCC_WARN_ABOUT_RETURN_TYPE = YES_ERROR;
				GCC_WARN_UNDECLARED_SELECTOR = YES;
				GCC_WARN_UNINITIALIZED_AUTOS = YES_AGGRESSIVE;
				GCC_WARN_UNUSED_FUNCTION = YES;
				GCC_WARN_UNUSED_VARIABLE = YES;
				IPHONEOS_DEPLOYMENT_TARGET = 16.2;
				MTL_ENABLE_DEBUG_INFO = INCLUDE_SOURCE;
				MTL_FAST_MATH = YES;
				ONLY_ACTIVE_ARCH = YES;
				SDKROOT = iphoneos;
				SWIFT_ACTIVE_COMPILATION_CONDITIONS = DEBUG;
				SWIFT_OPTIMIZATION_LEVEL = "-Onone";
			};
			name = Debug;
		};
		256B180529A330EA00087828 /* Release */ = {
			isa = XCBuildConfiguration;
			buildSettings = {
				ALWAYS_SEARCH_USER_PATHS = NO;
				CLANG_ANALYZER_NONNULL = YES;
				CLANG_ANALYZER_NUMBER_OBJECT_CONVERSION = YES_AGGRESSIVE;
				CLANG_CXX_LANGUAGE_STANDARD = "gnu++20";
				CLANG_ENABLE_MODULES = YES;
				CLANG_ENABLE_OBJC_ARC = YES;
				CLANG_ENABLE_OBJC_WEAK = YES;
				CLANG_WARN_BLOCK_CAPTURE_AUTORELEASING = YES;
				CLANG_WARN_BOOL_CONVERSION = YES;
				CLANG_WARN_COMMA = YES;
				CLANG_WARN_CONSTANT_CONVERSION = YES;
				CLANG_WARN_DEPRECATED_OBJC_IMPLEMENTATIONS = YES;
				CLANG_WARN_DIRECT_OBJC_ISA_USAGE = YES_ERROR;
				CLANG_WARN_DOCUMENTATION_COMMENTS = YES;
				CLANG_WARN_EMPTY_BODY = YES;
				CLANG_WARN_ENUM_CONVERSION = YES;
				CLANG_WARN_INFINITE_RECURSION = YES;
				CLANG_WARN_INT_CONVERSION = YES;
				CLANG_WARN_NON_LITERAL_NULL_CONVERSION = YES;
				CLANG_WARN_OBJC_IMPLICIT_RETAIN_SELF = YES;
				CLANG_WARN_OBJC_LITERAL_CONVERSION = YES;
				CLANG_WARN_OBJC_ROOT_CLASS = YES_ERROR;
				CLANG_WARN_QUOTED_INCLUDE_IN_FRAMEWORK_HEADER = YES;
				CLANG_WARN_RANGE_LOOP_ANALYSIS = YES;
				CLANG_WARN_STRICT_PROTOTYPES = YES;
				CLANG_WARN_SUSPICIOUS_MOVE = YES;
				CLANG_WARN_UNGUARDED_AVAILABILITY = YES_AGGRESSIVE;
				CLANG_WARN_UNREACHABLE_CODE = YES;
				CLANG_WARN__DUPLICATE_METHOD_MATCH = YES;
				COPY_PHASE_STRIP = NO;
				DEBUG_INFORMATION_FORMAT = "dwarf-with-dsym";
				ENABLE_NS_ASSERTIONS = NO;
				ENABLE_STRICT_OBJC_MSGSEND = YES;
				GCC_C_LANGUAGE_STANDARD = gnu11;
				GCC_NO_COMMON_BLOCKS = YES;
				GCC_WARN_64_TO_32_BIT_CONVERSION = YES;
				GCC_WARN_ABOUT_RETURN_TYPE = YES_ERROR;
				GCC_WARN_UNDECLARED_SELECTOR = YES;
				GCC_WARN_UNINITIALIZED_AUTOS = YES_AGGRESSIVE;
				GCC_WARN_UNUSED_FUNCTION = YES;
				GCC_WARN_UNUSED_VARIABLE = YES;
				IPHONEOS_DEPLOYMENT_TARGET = 16.2;
				MTL_ENABLE_DEBUG_INFO = NO;
				MTL_FAST_MATH = YES;
				SDKROOT = iphoneos;
				SWIFT_COMPILATION_MODE = wholemodule;
				SWIFT_OPTIMIZATION_LEVEL = "-O";
				VALIDATE_PRODUCT = YES;
			};
			name = Release;
		};
		256B180729A330EA00087828 /* Debug */ = {
			isa = XCBuildConfiguration;
			buildSettings = {
				ASSETCATALOG_COMPILER_APPICON_NAME = AppIcon;
				ASSETCATALOG_COMPILER_GLOBAL_ACCENT_COLOR_NAME = AccentColor;
				CODE_SIGN_STYLE = Automatic;
				CURRENT_PROJECT_VERSION = 1;
				DEVELOPMENT_ASSET_PATHS = "\"AnimalGram/Preview Content\"";
				ENABLE_PREVIEWS = YES;
				GENERATE_INFOPLIST_FILE = YES;
				INFOPLIST_KEY_NSCameraUsageDescription = "This app uses the camera at the user's request to take a photo.";
				INFOPLIST_KEY_NSPhotoLibraryUsageDescription = "This allows the app to access the photo library to import or save a photo at the user's request.";
				INFOPLIST_KEY_UIApplicationSceneManifest_Generation = YES;
				INFOPLIST_KEY_UIApplicationSupportsIndirectInputEvents = YES;
				INFOPLIST_KEY_UILaunchScreen_Generation = YES;
				INFOPLIST_KEY_UILaunchStoryboardName = LaunchScreen.storyboard;
				INFOPLIST_KEY_UISupportedInterfaceOrientations_iPad = "UIInterfaceOrientationPortrait UIInterfaceOrientationPortraitUpsideDown UIInterfaceOrientationLandscapeLeft UIInterfaceOrientationLandscapeRight";
				INFOPLIST_KEY_UISupportedInterfaceOrientations_iPhone = "UIInterfaceOrientationPortrait UIInterfaceOrientationLandscapeLeft UIInterfaceOrientationLandscapeRight";
				IPHONEOS_DEPLOYMENT_TARGET = 16.0;
				LD_RUNPATH_SEARCH_PATHS = (
					"$(inherited)",
					"@executable_path/Frameworks",
				);
				MARKETING_VERSION = 1.0;
				PRODUCT_BUNDLE_IDENTIFIER = com.yu.AnimalGram;
				PRODUCT_NAME = "$(TARGET_NAME)";
				SWIFT_EMIT_LOC_STRINGS = YES;
				SWIFT_VERSION = 5.0;
				TARGETED_DEVICE_FAMILY = "1,2";
			};
			name = Debug;
		};
		256B180829A330EA00087828 /* Release */ = {
			isa = XCBuildConfiguration;
			buildSettings = {
				ASSETCATALOG_COMPILER_APPICON_NAME = AppIcon;
				ASSETCATALOG_COMPILER_GLOBAL_ACCENT_COLOR_NAME = AccentColor;
				CODE_SIGN_STYLE = Automatic;
				CURRENT_PROJECT_VERSION = 1;
				DEVELOPMENT_ASSET_PATHS = "\"AnimalGram/Preview Content\"";
				ENABLE_PREVIEWS = YES;
				GENERATE_INFOPLIST_FILE = YES;
				INFOPLIST_KEY_NSCameraUsageDescription = "This app uses the camera at the user's request to take a photo.";
				INFOPLIST_KEY_NSPhotoLibraryUsageDescription = "This allows the app to access the photo library to import or save a photo at the user's request.";
				INFOPLIST_KEY_UIApplicationSceneManifest_Generation = YES;
				INFOPLIST_KEY_UIApplicationSupportsIndirectInputEvents = YES;
				INFOPLIST_KEY_UILaunchScreen_Generation = YES;
				INFOPLIST_KEY_UILaunchStoryboardName = LaunchScreen.storyboard;
				INFOPLIST_KEY_UISupportedInterfaceOrientations_iPad = "UIInterfaceOrientationPortrait UIInterfaceOrientationPortraitUpsideDown UIInterfaceOrientationLandscapeLeft UIInterfaceOrientationLandscapeRight";
				INFOPLIST_KEY_UISupportedInterfaceOrientations_iPhone = "UIInterfaceOrientationPortrait UIInterfaceOrientationLandscapeLeft UIInterfaceOrientationLandscapeRight";
				IPHONEOS_DEPLOYMENT_TARGET = 16.0;
				LD_RUNPATH_SEARCH_PATHS = (
					"$(inherited)",
					"@executable_path/Frameworks",
				);
				MARKETING_VERSION = 1.0;
				PRODUCT_BUNDLE_IDENTIFIER = com.yu.AnimalGram;
				PRODUCT_NAME = "$(TARGET_NAME)";
				SWIFT_EMIT_LOC_STRINGS = YES;
				SWIFT_VERSION = 5.0;
				TARGETED_DEVICE_FAMILY = "1,2";
			};
			name = Release;
		};
/* End XCBuildConfiguration section */

/* Begin XCConfigurationList section */
		256B17F329A330E900087828 /* Build configuration list for PBXProject "AnimalGram" */ = {
			isa = XCConfigurationList;
			buildConfigurations = (
				256B180429A330EA00087828 /* Debug */,
				256B180529A330EA00087828 /* Release */,
			);
			defaultConfigurationIsVisible = 0;
			defaultConfigurationName = Release;
		};
		256B180629A330EA00087828 /* Build configuration list for PBXNativeTarget "AnimalGram" */ = {
			isa = XCConfigurationList;
			buildConfigurations = (
				256B180729A330EA00087828 /* Debug */,
				256B180829A330EA00087828 /* Release */,
			);
			defaultConfigurationIsVisible = 0;
			defaultConfigurationName = Release;
		};
/* End XCConfigurationList section */
	};
	rootObject = 256B17F029A330E900087828 /* Project object */;
}
